
Microsoft Visual Studio Solution File, Format Version 12.00
# Visual Studio 14
VisualStudioVersion = 14.0.25420.1
MinimumVisualStudioVersion = 10.0.40219.1
Project("{FAE04EC0-301F-11D3-BF4B-00C04F79EFBC}") = "DOJO", "DOJO\DOJO.csproj", "{F38A3571-7942-4666-8BBE-A8F99B3BBAB3}"
EndProject
Project("{FAE04EC0-301F-11D3-BF4B-00C04F79EFBC}") = "DOJO.Test", "DOJO.Test\DOJO.Test.csproj", "{C73CF4B5-09DC-4D82-86FC-3A53869277C3}"
EndProject
Global
	GlobalSection(SolutionConfigurationPlatforms) = preSolution
		Debug|Any CPU = Debug|Any CPU
		Release|Any CPU = Release|Any CPU
	EndGlobalSection
	GlobalSection(ProjectConfigurationPlatforms) = postSolution
		{F38A3571-7942-4666-8BBE-A8F99B3BBAB3}.Debug|Any CPU.ActiveCfg = Debug|Any CPU
		{F38A3571-7942-4666-8BBE-A8F99B3BBAB3}.Debug|Any CPU.Build.0 = Debug|Any CPU
		{F38A3571-7942-4666-8BBE-A8F99B3BBAB3}.Release|Any CPU.ActiveCfg = Release|Any CPU
		{F38A3571-7942-4666-8BBE-A8F99B3BBAB3}.Release|Any CPU.Build.0 = Release|Any CPU
		{C73CF4B5-09DC-4D82-86FC-3A53869277C3}.Debug|Any CPU.ActiveCfg = Debug|Any CPU
		{C73CF4B5-09DC-4D82-86FC-3A53869277C3}.Debug|Any CPU.Build.0 = Debug|Any CPU
		{C73CF4B5-09DC-4D82-86FC-3A53869277C3}.Release|Any CPU.ActiveCfg = Release|Any CPU
		{C73CF4B5-09DC-4D82-86FC-3A53869277C3}.Release|Any CPU.Build.0 = Release|Any CPU
	EndGlobalSection
	GlobalSection(SolutionProperties) = preSolution
		HideSolutionNode = FALSE
	EndGlobalSection
EndGlobal
